
Microsoft Visual Studio Solution File, Format Version 12.00
# Visual Studio Version 17
VisualStudioVersion = 17.4.33403.182
MinimumVisualStudioVersion = 10.0.40219.1
Project("{FAE04EC0-301F-11D3-BF4B-00C04F79EFBC}") = "RedSkullApp", "RedSkullApp.csproj", "{6EBCBF0E-14B4-4AA1-B050-DE3CBBCAAD4A}"
EndProject
Global
	GlobalSection(SolutionConfigurationPlatforms) = preSolution
		Debug|Any CPU = Debug|Any CPU
		Release|Any CPU = Release|Any CPU
	EndGlobalSection
	GlobalSection(ProjectConfigurationPlatforms) = postSolution
		{6EBCBF0E-14B4-4AA1-B050-DE3CBBCAAD4A}.Debug|Any CPU.ActiveCfg = Debug|Any CPU
		{6EBCBF0E-14B4-4AA1-B050-DE3CBBCAAD4A}.Debug|Any CPU.Build.0 = Debug|Any CPU
		{6EBCBF0E-14B4-4AA1-B050-DE3CBBCAAD4A}.Release|Any CPU.ActiveCfg = Release|Any CPU
		{6EBCBF0E-14B4-4AA1-B050-DE3CBBCAAD4A}.Release|Any CPU.Build.0 = Release|Any CPU
	EndGlobalSection
	GlobalSection(SolutionProperties) = preSolution
		HideSolutionNode = FALSE
	EndGlobalSection
	GlobalSection(ExtensibilityGlobals) = postSolution
		SolutionGuid = {C7565002-D7DA-407C-BC21-F7D7506E554F}
	EndGlobalSection
EndGlobal
